
Microsoft Visual Studio Solution File, Format Version 12.00
# Visual Studio Version 17
VisualStudioVersion = 17.0.31912.275
MinimumVisualStudioVersion = 10.0.40219.1
Project("{9A19103F-16F7-4668-BE54-9A1E7A4F7556}") = "BrawlBuff.Infrastructure", "BrawlBuff.Data\BrawlBuff.Infrastructure.csproj", "{BBDCB580-CE6D-446B-9192-641FDC4243B5}"
EndProject
Project("{9A19103F-16F7-4668-BE54-9A1E7A4F7556}") = "BrawlBuff.Domain", "BrawlBuff.Domain\BrawlBuff.Domain.csproj", "{55D3DD9E-9633-4D99-9564-951CCB721754}"
EndProject
Project("{9A19103F-16F7-4668-BE54-9A1E7A4F7556}") = "BrawlBuff.Application", "BrawlBuff.Application\BrawlBuff.Application.csproj", "{A79D3A8A-A2BA-42F3-918A-486721F992BF}"
EndProject
Project("{9A19103F-16F7-4668-BE54-9A1E7A4F7556}") = "BrawlBuff.Api", "BrawlBuff.Api\BrawlBuff.Api.csproj", "{81DC17E8-10FB-45AB-BC64-F92DB8C5B547}"
EndProject
Global
	GlobalSection(SolutionConfigurationPlatforms) = preSolution
		Debug|Any CPU = Debug|Any CPU
		Release|Any CPU = Release|Any CPU
	EndGlobalSection
	GlobalSection(ProjectConfigurationPlatforms) = postSolution
		{BBDCB580-CE6D-446B-9192-641FDC4243B5}.Debug|Any CPU.ActiveCfg = Debug|Any CPU
		{BBDCB580-CE6D-446B-9192-641FDC4243B5}.Debug|Any CPU.Build.0 = Debug|Any CPU
		{BBDCB580-CE6D-446B-9192-641FDC4243B5}.Release|Any CPU.ActiveCfg = Release|Any CPU
		{BBDCB580-CE6D-446B-9192-641FDC4243B5}.Release|Any CPU.Build.0 = Release|Any CPU
		{55D3DD9E-9633-4D99-9564-951CCB721754}.Debug|Any CPU.ActiveCfg = Debug|Any CPU
		{55D3DD9E-9633-4D99-9564-951CCB721754}.Debug|Any CPU.Build.0 = Debug|Any CPU
		{55D3DD9E-9633-4D99-9564-951CCB721754}.Release|Any CPU.ActiveCfg = Release|Any CPU
		{55D3DD9E-9633-4D99-9564-951CCB721754}.Release|Any CPU.Build.0 = Release|Any CPU
		{A79D3A8A-A2BA-42F3-918A-486721F992BF}.Debug|Any CPU.ActiveCfg = Debug|Any CPU
		{A79D3A8A-A2BA-42F3-918A-486721F992BF}.Debug|Any CPU.Build.0 = Debug|Any CPU
		{A79D3A8A-A2BA-42F3-918A-486721F992BF}.Release|Any CPU.ActiveCfg = Release|Any CPU
		{A79D3A8A-A2BA-42F3-918A-486721F992BF}.Release|Any CPU.Build.0 = Release|Any CPU
		{81DC17E8-10FB-45AB-BC64-F92DB8C5B547}.Debug|Any CPU.ActiveCfg = Debug|Any CPU
		{81DC17E8-10FB-45AB-BC64-F92DB8C5B547}.Debug|Any CPU.Build.0 = Debug|Any CPU
		{81DC17E8-10FB-45AB-BC64-F92DB8C5B547}.Release|Any CPU.ActiveCfg = Release|Any CPU
		{81DC17E8-10FB-45AB-BC64-F92DB8C5B547}.Release|Any CPU.Build.0 = Release|Any CPU
	EndGlobalSection
	GlobalSection(SolutionProperties) = preSolution
		HideSolutionNode = FALSE
	EndGlobalSection
	GlobalSection(ExtensibilityGlobals) = postSolution
		SolutionGuid = {86EDC94D-5A89-41D6-9B17-E1AB576A8250}
	EndGlobalSection
EndGlobal
